
Microsoft Visual Studio Solution File, Format Version 12.00
# Visual Studio Version 17
VisualStudioVersion = 17.8.34309.116
MinimumVisualStudioVersion = 10.0.40219.1
Project("{FAE04EC0-301F-11D3-BF4B-00C04F79EFBC}") = "WPF_UI", "WPF_UI.csproj", "{F9B85804-C109-4FBA-B4BF-2F32954153FB}"
EndProject
Global
	GlobalSection(SolutionConfigurationPlatforms) = preSolution
		Debug|Any CPU = Debug|Any CPU
		Release|Any CPU = Release|Any CPU
	EndGlobalSection
	GlobalSection(ProjectConfigurationPlatforms) = postSolution
		{F9B85804-C109-4FBA-B4BF-2F32954153FB}.Debug|Any CPU.ActiveCfg = Debug|Any CPU
		{F9B85804-C109-4FBA-B4BF-2F32954153FB}.Debug|Any CPU.Build.0 = Debug|Any CPU
		{F9B85804-C109-4FBA-B4BF-2F32954153FB}.Release|Any CPU.ActiveCfg = Release|Any CPU
		{F9B85804-C109-4FBA-B4BF-2F32954153FB}.Release|Any CPU.Build.0 = Release|Any CPU
	EndGlobalSection
	GlobalSection(SolutionProperties) = preSolution
		HideSolutionNode = FALSE
	EndGlobalSection
	GlobalSection(ExtensibilityGlobals) = postSolution
		SolutionGuid = {EC17D189-1282-4FB2-8B52-7233C3A5AACA}
	EndGlobalSection
EndGlobal
